github.com/cyphar/filepath-securejoin v0.2.5 h1:6iR5tXJ/e6tJZzzdMc1km3Sa7RRIVBKAK32O2s7AYfo=
github.com/cyphar/filepath-securejoin v0.2.5/go.mod h1:aPGpWjXOXUn2NCNjFvBE6aRxGGx79pTxQpKOJNYHHl4=
github.com/cyphar/filepath-securejoin v0.4.1 h1:JyxxyPEaktOD+GAnqIqTf9A8tHyAG22rowi7HkoSU1s=
github.com/cyphar/filepath-securejoin v0.4.1/go.mod h1:Sdj7gXlvMcPZsbhwhQ33GguGLDGQL7h7bg04C/+u9jI=
github.com/davecgh/go-spew v1.1.1 h1:vj9j/u1bqnvCEfJOwUhtlOARqs3+rkHYY13jYWTU97c=
github.com/go-git/go-billy/v6 v6.0.0-20250711053805-c1f149aaab07 h1:bCRyoFc25vETmjqzMCnrWMjYFWsHkOi9FcnkOZD5D6w=
github.com/go-git/go-billy/v6 v6.0.0-20250711053805-c1f149aaab07/go.mod h1:Pa0/zeE0tC0GiZLFFtOYXOky9SgpNF+zkrj7aEJhBVg=
github.com/google/go-cmp v0.6.0 h1:ofyhxvXcZhMsU5ulbFiLKl/XBFqE1GSq7atu8tAmTRI=
github.com/google/uuid v1.6.0 h1:NIvaJDMOsjHA8n1jAhLSgzrAzy1Hgr+hNrb57e+94F0=
github.com/google/uuid v1.6.0/go.mod h1:TIyPZe4MgqvfeYDBFedMoGGpEw/LqOeaOT+nhxU+yHo=
github.com/gopherjs/gopherjs v0.0.0-20181017120253-0766667cb4d1 h1:EGx4pi6eqNxGaHF6qqu48+N2wcFQ5qg5FXgOdqsJ5d8=
github.com/hashicorp/golang-lru/v2 v2.0.7 h1:a+bsQ5rvGLjzHuww6tVxozPZFVghXaHOwFs4luLUK2k=
github.com/hashicorp/golang-lru/v2 v2.0.7/go.mod h1:QeFd9opnmA6QUJc5vARoKUSoFhyfM2/ZepoAG6RGpeM=
github.com/jtolds/gls v4.20.0+incompatible h1:xdiiI2gbIgH/gLH7ADydsJ1uDOEzR8yvV7C0MuV77Wo=
github.com/kr/pretty v0.3.1 h1:flRD4NNwYAUpkphVc1HcthR4KEIFJ65n8Mw5qdRn3LE=
github.com/kr/text v0.2.0 h1:5Nx0Ya0ZqY2ygV366QzturHI13Jq95ApcVaJBhpS+AY=
github.com/onsi/gomega v1.34.1 h1:EUMJIKUjM8sKjYbtxQI9A4z2o+rruxnzNvpknOXie6k=
github.com/pmezard/go-difflib v1.0.0 h1:4DBwDE0NGyQoBHbLQYPwSUPoCMWR5BEzIk/f1lZbAQM=
github.com/polydawn/go-timeless-api v0.0.0-20220821201550-b93919e12c56 h1:LQ103HjiN76aqIxnQNgdZ+7NveuKd45+Q+TYGJVVsyw=
github.com/polydawn/go-timeless-api v0.0.0-20220821201550-b93919e12c56/go.mod h1:OAK6p/pJUakz6jQ+HlSw16gVMnuohxqJFGoypUYyr4w=
github.com/polydawn/refmt v0.0.0-20201211092308-30ac6d18308e h1:ZOcivgkkFRnjfoTcGsDq3UQYiBmekwLA+qg0OjyB/ls=
github.com/polydawn/refmt v0.0.0-20201211092308-30ac6d18308e/go.mod h1:uIp+gprXxxrWSjjklXD+mN4wed/tMfjMMmN/9+JsA9o=
github.com/polydawn/rio v0.0.0-20220823181337-7c31ad9831a4 h1:SNhgcsCNGEqz7Tp46YHEvcjF1s5x+ZGWcVzFoghkuMA=
github.com/polydawn/rio v0.0.0-20220823181337-7c31ad9831a4/go.mod h1:fZ8OGW5CVjZHyQeNs8QH3X3tUxrPcx1jxHSl2z6Xv00=
github.com/rasky/go-xdr v0.0.0-20170124162913-1a41d1a06c93 h1:UVArwN/wkKjMVhh2EQGC0tEc1+FqiLlvYXY5mQ2f8Wg=
github.com/rasky/go-xdr v0.0.0-20170124162913-1a41d1a06c93/go.mod h1:Nfe4efndBz4TibWycNE+lqyJZiMX4ycx+QKV8Ta0f/o=
github.com/rogpeppe/go-internal v1.11.0 h1:cWPaGQEPrBb5/AsnsZesgZZ9yb1OQ+GOISoDNXVBh4M=
github.com/smartystreets/assertions v1.2.0 h1:42S6lae5dvLc7BrLu/0ugRtcFVjoJNMC/N3yZFZkDFs=
github.com/smartystreets/goconvey v1.7.2 h1:9RBaZCeXEQ3UselpuwUQHltGVXvdwm6cv1hgR6gDIPg=
github.com/stretchr/testify v1.9.0 h1:HtqpIVDClZ4nwg75+f6Lvsy/wHu+3BoSGCbBAcpTsTg=
github.com/warpfork/go-errcat v0.0.0-20180917083543-335044ffc86e h1:FIB2fi7XJGHIdf5rWNsfFQqatIKxutT45G+wNuMQNgs=
github.com/warpfork/go-errcat v0.0.0-20180917083543-335044ffc86e/go.mod h1:/qe02xr3jvTUz8u/PV0FHGpP8t96OQNP7U9BJMwMLEw=
github.com/warpfork/go-wish v0.0.0-20200122115046-b9ea61034e4a h1:G++j5e0OC488te356JvdhaM8YS6nMsjLAYF7JxCv07w=
github.com/willscott/go-nfs-client v0.0.0-20240104095149-b44639837b00 h1:U0DnHRZFzoIV1oFEZczg5XyPut9yxk9jjtax/9Bxr/o=
github.com/willscott/go-nfs-client v0.0.0-20240104095149-b44639837b00/go.mod h1:Tq++Lr/FgiS3X48q5FETemXiSLGuYMQT2sPjYNPJSwA=
github.com/willscott/memphis v0.0.0-20241203204924-a148a489d367 h1:A9hsyc7kKeultwdUhS99FVq2S4xT6QVZqOEptPGjHpM=
github.com/willscott/memphis v0.0.0-20241203204924-a148a489d367/go.mod h1:mAQkn9EwN7WZdbH1DnV+9Nmr3oMjPbG4a0zDM2yI2iA=
golang.org/x/exp v0.0.0-20240719175910-8a7402abbf56 h1:2dVuKD2vS7b0QIHQbpyTISPd0LeHDbnYEryqj5Q1ug8=
golang.org/x/net v0.27.0 h1:5K3Njcw06/l2y9vpGCSdcxWOYHOUk3dVNGDXN+FvAys=
golang.org/x/sys v0.24.0 h1:Twjiwq9dn6R1fQcyiK+wQyHWfaz/BJB+YIpzU/Cv3Xg=
golang.org/x/sys v0.24.0/go.mod h1:/VUhepiaJMQUp4+oa/7Zr1D23ma6VTLIYjOOTFZPUcA=
golang.org/x/sys v0.34.0 h1:H5Y5sJ2L2JRdyv7ROF1he/lPdvFsd0mJHFw2ThKHxLA=
golang.org/x/sys v0.34.0/go.mod h1:BJP2sWEmIv4KK5OTEluFJCKSidICx8ciO85XgH3Ak8k=
golang.org/x/text v0.16.0 h1:a94ExnEXNtEwYLGJSIUxnWoxoRz/ZcCsV63ROupILh4=
gopkg.in/check.v1 v1.0.0-20201130134442-10cb98267c6c h1:Hei/4ADfdWqJk1ZMxUNpqntNwaWcugrBjAiHlqqRiVk=
gopkg.in/yaml.v3 v3.0.1 h1:fxVm/GzAzEWqLHuvctI91KS9hhNmmWOoWu0XTYJS7CA=
