github.com/creack/pty v1.1.9/go.mod h1:oKZEueFk5CKHvIhNR5MUki03XCEU+Q6VDXinZuGJ33E=
github.com/cyphar/filepath-securejoin v0.2.4 h1:Ugdm7cg7i6ZK6x3xDF1oEu1nfkyfH53EtKeQYTC3kyg=
github.com/cyphar/filepath-securejoin v0.2.4/go.mod h1:aPGpWjXOXUn2NCNjFvBE6aRxGGx79pTxQpKOJNYHHl4=
github.com/go-git/go-billy/v5 v5.0.0/go.mod h1:pmpqyWchKfYfrkb/UVH4otLvyi/5gJlGI4Hb3ZqZ3W0=
github.com/go-git/go-billy/v5 v5.5.0 h1:yEY4yhzCDuMGSv83oGxiBotRzhwhNr8VZyphhiu+mTU=
github.com/go-git/go-billy/v5 v5.5.0/go.mod h1:hmexnoNsr2SJU1Ju67OaNz5ASJY3+sHgFRpCtpDCKow=
github.com/google/go-cmp v0.5.9 h1:O2Tfq5qg4qc4AmwVlvv0oLiVAGB7enBSJ2x2DqQFi38=
github.com/google/uuid v1.6.0 h1:NIvaJDMOsjHA8n1jAhLSgzrAzy1Hgr+hNrb57e+94F0=
github.com/google/uuid v1.6.0/go.mod h1:TIyPZe4MgqvfeYDBFedMoGGpEw/LqOeaOT+nhxU+yHo=
github.com/gopherjs/gopherjs v0.0.0-20181017120253-0766667cb4d1 h1:EGx4pi6eqNxGaHF6qqu48+N2wcFQ5qg5FXgOdqsJ5d8=
github.com/gopherjs/gopherjs v0.0.0-20181017120253-0766667cb4d1/go.mod h1:wJfORRmW1u3UXTncJ5qlYoELFm8eSnnEO6hX4iZ3EWY=
github.com/hashicorp/golang-lru/v2 v2.0.7 h1:a+bsQ5rvGLjzHuww6tVxozPZFVghXaHOwFs4luLUK2k=
github.com/hashicorp/golang-lru/v2 v2.0.7/go.mod h1:QeFd9opnmA6QUJc5vARoKUSoFhyfM2/ZepoAG6RGpeM=
github.com/jtolds/gls v4.20.0+incompatible h1:xdiiI2gbIgH/gLH7ADydsJ1uDOEzR8yvV7C0MuV77Wo=
github.com/jtolds/gls v4.20.0+incompatible/go.mod h1:QJZ7F/aHp+rZTRtaJ1ow/lLfFfVYBRgL+9YlvaHOwJU=
github.com/kr/pretty v0.3.1 h1:flRD4NNwYAUpkphVc1HcthR4KEIFJ65n8Mw5qdRn3LE=
github.com/kr/pty v1.1.1/go.mod h1:pFQYn66WHrOpPYNljwOMqo10TkYh1fy3cYio2l3bCsQ=
github.com/kr/text v0.1.0/go.mod h1:4Jbv+DJW3UT/LiOwJeYQe1efqtUx/iVham/4vfdArNI=
github.com/kr/text v0.2.0 h1:5Nx0Ya0ZqY2ygV366QzturHI13Jq95ApcVaJBhpS+AY=
github.com/kr/text v0.2.0/go.mod h1:eLer722TekiGuMkidMxC/pM04lWEeraHUUmBw8l2grE=
github.com/niemeyer/pretty v0.0.0-20200227124842-a10e7caefd8e/go.mod h1:zD1mROLANZcx1PVRCS0qkT7pwLkGfwJo4zjcN/Tysno=
github.com/onsi/gomega v1.27.10 h1:naR28SdDFlqrG6kScpT8VWpu1xWY5nJRCF3XaYyBjhI=
github.com/polydawn/go-timeless-api v0.0.0-20201121022836-7399661094a6/go.mod h1:z2fMUifgtqrZiNLgzF4ZR8pX+YFLCmAp1jJTSTvyDMM=
github.com/polydawn/go-timeless-api v0.0.0-20220821201550-b93919e12c56 h1:LQ103HjiN76aqIxnQNgdZ+7NveuKd45+Q+TYGJVVsyw=
github.com/polydawn/go-timeless-api v0.0.0-20220821201550-b93919e12c56/go.mod h1:OAK6p/pJUakz6jQ+HlSw16gVMnuohxqJFGoypUYyr4w=
github.com/polydawn/refmt v0.0.0-20190807091052-3d65705ee9f1/go.mod h1:uIp+gprXxxrWSjjklXD+mN4wed/tMfjMMmN/9+JsA9o=
github.com/polydawn/refmt v0.0.0-20201211092308-30ac6d18308e h1:ZOcivgkkFRnjfoTcGsDq3UQYiBmekwLA+qg0OjyB/ls=
github.com/polydawn/refmt v0.0.0-20201211092308-30ac6d18308e/go.mod h1:uIp+gprXxxrWSjjklXD+mN4wed/tMfjMMmN/9+JsA9o=
github.com/polydawn/rio v0.0.0-20201122020833-6192319df581/go.mod h1:mwZtAu36D3fSNzVLN1we6PFdRU4VeE+RXLTZiOiQlJ0=
github.com/polydawn/rio v0.0.0-20220823181337-7c31ad9831a4 h1:SNhgcsCNGEqz7Tp46YHEvcjF1s5x+ZGWcVzFoghkuMA=
github.com/polydawn/rio v0.0.0-20220823181337-7c31ad9831a4/go.mod h1:fZ8OGW5CVjZHyQeNs8QH3X3tUxrPcx1jxHSl2z6Xv00=
github.com/rasky/go-xdr v0.0.0-20170124162913-1a41d1a06c93 h1:UVArwN/wkKjMVhh2EQGC0tEc1+FqiLlvYXY5mQ2f8Wg=
github.com/rasky/go-xdr v0.0.0-20170124162913-1a41d1a06c93/go.mod h1:Nfe4efndBz4TibWycNE+lqyJZiMX4ycx+QKV8Ta0f/o=
github.com/rogpeppe/go-internal v1.11.0 h1:cWPaGQEPrBb5/AsnsZesgZZ9yb1OQ+GOISoDNXVBh4M=
github.com/smartystreets/assertions v0.0.0-20180927180507-b2de0cb4f26d/go.mod h1:OnSkiWE9lh6wB0YB77sQom3nweQdgAjqCqsofrRNTgc=
github.com/smartystreets/assertions v1.2.0 h1:42S6lae5dvLc7BrLu/0ugRtcFVjoJNMC/N3yZFZkDFs=
github.com/smartystreets/goconvey v1.6.4/go.mod h1:syvi0/a8iFYH4r/RixwvyeAJjdLS9QV7WQ/tjFTllLA=
github.com/smartystreets/goconvey v1.7.2 h1:9RBaZCeXEQ3UselpuwUQHltGVXvdwm6cv1hgR6gDIPg=
github.com/warpfork/go-errcat v0.0.0-20180917083543-335044ffc86e h1:FIB2fi7XJGHIdf5rWNsfFQqatIKxutT45G+wNuMQNgs=
github.com/warpfork/go-errcat v0.0.0-20180917083543-335044ffc86e/go.mod h1:/qe02xr3jvTUz8u/PV0FHGpP8t96OQNP7U9BJMwMLEw=
github.com/warpfork/go-wish v0.0.0-20200122115046-b9ea61034e4a h1:G++j5e0OC488te356JvdhaM8YS6nMsjLAYF7JxCv07w=
github.com/warpfork/go-wish v0.0.0-20200122115046-b9ea61034e4a/go.mod h1:x6AKhvSSexNrVSrViXSHUEbICjmGXhtgABaHIySUSGw=
github.com/willscott/go-nfs-client v0.0.0-20240104095149-b44639837b00 h1:U0DnHRZFzoIV1oFEZczg5XyPut9yxk9jjtax/9Bxr/o=
github.com/willscott/go-nfs-client v0.0.0-20240104095149-b44639837b00/go.mod h1:Tq++Lr/FgiS3X48q5FETemXiSLGuYMQT2sPjYNPJSwA=
github.com/willscott/memphis v0.0.0-20210922141505-529d4987ab7e h1:1eHCP4w7tMmpfFBdrd5ff+vYU9THtrtA1yM9f0TLlJw=
github.com/willscott/memphis v0.0.0-20210922141505-529d4987ab7e/go.mod h1:59vHBW4EpjiL5oiqgCrBp1Tc9JXRzKCNMEOaGmNfSHo=
golang.org/x/crypto v0.0.0-20190308221718-c2843e01d9a2/go.mod h1:djNgcEr1/C05ACkg1iLfiJU5Ep61QUkGW8qpdssI0+w=
golang.org/x/net v0.0.0-20190311183353-d8887717615a/go.mod h1:t9HGtf8HONx5eT2rtn7q6eTqICYqUVnKs3thJo3Qplg=
golang.org/x/net v0.15.0 h1:ugBLEUaxABaB5AJqW9enI0ACdci2RUd4eP51NTBvuJ8=
golang.org/x/sys v0.0.0-20190215142949-d0b11bdaac8a/go.mod h1:STP8DvDyc/dI5b8T5hshtkjS+E42TnysNCUPdjciGhY=
golang.org/x/sys v0.0.0-20200302150141-5c8b2ff67527/go.mod h1:h1NjWce9XRLGQEsW7wpKNCjG9DtNlClVuFLEZdDNbEs=
golang.org/x/sys v0.20.0 h1:Od9JTbYCk261bKm4M/mw7AklTlFYIa0bIp9BgSm1S8Y=
golang.org/x/sys v0.20.0/go.mod h1:/VUhepiaJMQUp4+oa/7Zr1D23ma6VTLIYjOOTFZPUcA=
golang.org/x/text v0.3.0/go.mod h1:NqM8EUOU14njkJ3fqMW+pc6Ldnwhi/IjpwHt7yyuwOQ=
golang.org/x/text v0.13.0 h1:ablQoSUd0tRdKxZewP80B+BaqeKJuVhuRxj/dkrun3k=
golang.org/x/tools v0.0.0-20190328211700-ab21143f2384/go.mod h1:LCzVGOaR6xXOjkQ3onu1FJEFr0SW1gC7cKk1uF8kGRs=
gopkg.in/check.v1 v1.0.0-20200227125254-8fa46927fb4f/go.mod h1:Co6ibVJAznAaIkqp8huTwlJQCZ016jof/cbN4VW5Yz0=
gopkg.in/check.v1 v1.0.0-20201130134442-10cb98267c6c h1:Hei/4ADfdWqJk1ZMxUNpqntNwaWcugrBjAiHlqqRiVk=
gopkg.in/yaml.v3 v3.0.1 h1:fxVm/GzAzEWqLHuvctI91KS9hhNmmWOoWu0XTYJS7CA=
